
Microsoft Visual Studio Solution File, Format Version 12.00
# Visual Studio 15
VisualStudioVersion = 15.0.27428.2002
MinimumVisualStudioVersion = 10.0.40219.1
Project("{FAE04EC0-301F-11D3-BF4B-00C04F79EFBC}") = "Avanzado", "Avanzado\Avanzado.csproj", "{6F1D840D-A9E0-46BA-B33E-6988FB23ABDD}"
EndProject
Project("{FAE04EC0-301F-11D3-BF4B-00C04F79EFBC}") = "CallbackInterface", "CallbackInterface\CallbackInterface.csproj", "{D792799F-E5D2-4C70-9B4A-14275C1C5942}"
EndProject
Project("{FAE04EC0-301F-11D3-BF4B-00C04F79EFBC}") = "Delegados", "Delegados\Delegados.csproj", "{7FA75CA9-0B4A-4CF8-9D51-ABFFABF0CD94}"
EndProject
Project("{FAE04EC0-301F-11D3-BF4B-00C04F79EFBC}") = "EventosDelegados", "EventosDelegados\EventosDelegados.csproj", "{A5056529-A043-4AFD-9CE6-BE7E9178FA7B}"
EndProject
Project("{FAE04EC0-301F-11D3-BF4B-00C04F79EFBC}") = "Indexer", "Indexer\Indexer.csproj", "{4564630D-36E4-4D5D-A75B-54FDF9A485E7}"
EndProject
Project("{FAE04EC0-301F-11D3-BF4B-00C04F79EFBC}") = "SobrecargaOperadores", "SobrecargaOperadores\SobrecargaOperadores.csproj", "{70D6517C-827F-448F-B28B-8FC0048CA8F8}"
EndProject
Project("{FAE04EC0-301F-11D3-BF4B-00C04F79EFBC}") = "Serializacionbinaria", "Serializacionbinaria\Serializacionbinaria.csproj", "{93ACF2D6-0CAF-46F3-AEAC-828CD58B867E}"
EndProject
Project("{FAE04EC0-301F-11D3-BF4B-00C04F79EFBC}") = "SerializacionSOAP", "SerializacionSOAP\SerializacionSOAP.csproj", "{4EBB6359-6114-4F1A-B68A-7B257B30756B}"
EndProject
Project("{FAE04EC0-301F-11D3-BF4B-00C04F79EFBC}") = "SerializacionXML", "SerializacionXML\SerializacionXML.csproj", "{67469B3F-E7B7-4DA9-9E75-D01418F846D3}"
EndProject
Project("{FAE04EC0-301F-11D3-BF4B-00C04F79EFBC}") = "SerializacionBinariaCompuesta", "SerializacionBinariaCompuesta\SerializacionBinariaCompuesta.csproj", "{79ECB8CD-AC4D-4AE7-ADA6-8388A4FEF6CC}"
EndProject
Project("{FAE04EC0-301F-11D3-BF4B-00C04F79EFBC}") = "SerializacionXMLCompuesta", "SerializacionXMLCompuesta\SerializacionXMLCompuesta.csproj", "{48A63712-8DE9-45FD-A3C1-C6A46914B2AB}"
EndProject
Project("{FAE04EC0-301F-11D3-BF4B-00C04F79EFBC}") = "SerializarVariosObjetos", "SerializarVariosObjetos\SerializarVariosObjetos.csproj", "{43381B81-1FD1-40C7-B7AC-B6B14B7B7C22}"
EndProject
Project("{FAE04EC0-301F-11D3-BF4B-00C04F79EFBC}") = "WPFGridPanel", "WPFPanles\WPFGridPanel.csproj", "{5523DCF0-ED43-40F9-99C8-090B7E3059D2}"
EndProject
Project("{FAE04EC0-301F-11D3-BF4B-00C04F79EFBC}") = "WPFPanelStack", "WPFPanelStack\WPFPanelStack.csproj", "{4B98F1D4-D349-43EE-98C9-7D74750ECEF4}"
EndProject
Project("{FAE04EC0-301F-11D3-BF4B-00C04F79EFBC}") = "WPFWrapPanel", "WPFWrapPanel\WPFWrapPanel.csproj", "{AECADD81-F716-4E42-95CB-9E47EF546671}"
EndProject
Project("{FAE04EC0-301F-11D3-BF4B-00C04F79EFBC}") = "WPFDockPanel", "WPFDockPanel\WPFDockPanel.csproj", "{592E2006-D9DB-4F14-BD78-F05E63251680}"
EndProject
Project("{FAE04EC0-301F-11D3-BF4B-00C04F79EFBC}") = "WPFCanvasPanel", "WPFCanvasPanel\WPFCanvasPanel.csproj", "{6FECE937-8B51-4EED-9635-6DB0FE9C7CE9}"
EndProject
Project("{FAE04EC0-301F-11D3-BF4B-00C04F79EFBC}") = "WPFUniformGridPanel", "WPFUniformGridPanel\WPFUniformGridPanel.csproj", "{0B275660-7813-4FF2-8FE6-CCA6F8059D24}"
EndProject
Project("{FAE04EC0-301F-11D3-BF4B-00C04F79EFBC}") = "WPFScrollView", "WPFScrollView\WPFScrollView.csproj", "{689B5A8A-B713-490D-AC8F-32BE3B68C1BC}"
EndProject
Project("{FAE04EC0-301F-11D3-BF4B-00C04F79EFBC}") = "WPFGroupBox", "WPFGroupBox\WPFGroupBox.csproj", "{B52117B3-8396-4BC9-ACA1-1745965CC568}"
EndProject
Project("{FAE04EC0-301F-11D3-BF4B-00C04F79EFBC}") = "WPFExpander", "WPFExpander\WPFExpander.csproj", "{374C3368-FB8A-4130-A54E-72AAD23111E6}"
EndProject
Project("{FAE04EC0-301F-11D3-BF4B-00C04F79EFBC}") = "WPFPrimeraAplicacion", "WPFPrimeraAplicacion\WPFPrimeraAplicacion.csproj", "{29696300-9957-4621-8732-AD4549C66D9E}"
EndProject
Global
	GlobalSection(SolutionConfigurationPlatforms) = preSolution
		Debug|Any CPU = Debug|Any CPU
		Release|Any CPU = Release|Any CPU
	EndGlobalSection
	GlobalSection(ProjectConfigurationPlatforms) = postSolution
		{6F1D840D-A9E0-46BA-B33E-6988FB23ABDD}.Debug|Any CPU.ActiveCfg = Debug|Any CPU
		{6F1D840D-A9E0-46BA-B33E-6988FB23ABDD}.Debug|Any CPU.Build.0 = Debug|Any CPU
		{6F1D840D-A9E0-46BA-B33E-6988FB23ABDD}.Release|Any CPU.ActiveCfg = Release|Any CPU
		{6F1D840D-A9E0-46BA-B33E-6988FB23ABDD}.Release|Any CPU.Build.0 = Release|Any CPU
		{D792799F-E5D2-4C70-9B4A-14275C1C5942}.Debug|Any CPU.ActiveCfg = Debug|Any CPU
		{D792799F-E5D2-4C70-9B4A-14275C1C5942}.Debug|Any CPU.Build.0 = Debug|Any CPU
		{D792799F-E5D2-4C70-9B4A-14275C1C5942}.Release|Any CPU.ActiveCfg = Release|Any CPU
		{D792799F-E5D2-4C70-9B4A-14275C1C5942}.Release|Any CPU.Build.0 = Release|Any CPU
		{7FA75CA9-0B4A-4CF8-9D51-ABFFABF0CD94}.Debug|Any CPU.ActiveCfg = Debug|Any CPU
		{7FA75CA9-0B4A-4CF8-9D51-ABFFABF0CD94}.Debug|Any CPU.Build.0 = Debug|Any CPU
		{7FA75CA9-0B4A-4CF8-9D51-ABFFABF0CD94}.Release|Any CPU.ActiveCfg = Release|Any CPU
		{7FA75CA9-0B4A-4CF8-9D51-ABFFABF0CD94}.Release|Any CPU.Build.0 = Release|Any CPU
		{A5056529-A043-4AFD-9CE6-BE7E9178FA7B}.Debug|Any CPU.ActiveCfg = Debug|Any CPU
		{A5056529-A043-4AFD-9CE6-BE7E9178FA7B}.Debug|Any CPU.Build.0 = Debug|Any CPU
		{A5056529-A043-4AFD-9CE6-BE7E9178FA7B}.Release|Any CPU.ActiveCfg = Release|Any CPU
		{A5056529-A043-4AFD-9CE6-BE7E9178FA7B}.Release|Any CPU.Build.0 = Release|Any CPU
		{4564630D-36E4-4D5D-A75B-54FDF9A485E7}.Debug|Any CPU.ActiveCfg = Debug|Any CPU
		{4564630D-36E4-4D5D-A75B-54FDF9A485E7}.Debug|Any CPU.Build.0 = Debug|Any CPU
		{4564630D-36E4-4D5D-A75B-54FDF9A485E7}.Release|Any CPU.ActiveCfg = Release|Any CPU
		{4564630D-36E4-4D5D-A75B-54FDF9A485E7}.Release|Any CPU.Build.0 = Release|Any CPU
		{70D6517C-827F-448F-B28B-8FC0048CA8F8}.Debug|Any CPU.ActiveCfg = Debug|Any CPU
		{70D6517C-827F-448F-B28B-8FC0048CA8F8}.Debug|Any CPU.Build.0 = Debug|Any CPU
		{70D6517C-827F-448F-B28B-8FC0048CA8F8}.Release|Any CPU.ActiveCfg = Release|Any CPU
		{70D6517C-827F-448F-B28B-8FC0048CA8F8}.Release|Any CPU.Build.0 = Release|Any CPU
		{93ACF2D6-0CAF-46F3-AEAC-828CD58B867E}.Debug|Any CPU.ActiveCfg = Debug|Any CPU
		{93ACF2D6-0CAF-46F3-AEAC-828CD58B867E}.Debug|Any CPU.Build.0 = Debug|Any CPU
		{93ACF2D6-0CAF-46F3-AEAC-828CD58B867E}.Release|Any CPU.ActiveCfg = Release|Any CPU
		{93ACF2D6-0CAF-46F3-AEAC-828CD58B867E}.Release|Any CPU.Build.0 = Release|Any CPU
		{4EBB6359-6114-4F1A-B68A-7B257B30756B}.Debug|Any CPU.ActiveCfg = Debug|Any CPU
		{4EBB6359-6114-4F1A-B68A-7B257B30756B}.Debug|Any CPU.Build.0 = Debug|Any CPU
		{4EBB6359-6114-4F1A-B68A-7B257B30756B}.Release|Any CPU.ActiveCfg = Release|Any CPU
		{4EBB6359-6114-4F1A-B68A-7B257B30756B}.Release|Any CPU.Build.0 = Release|Any CPU
		{67469B3F-E7B7-4DA9-9E75-D01418F846D3}.Debug|Any CPU.ActiveCfg = Debug|Any CPU
		{67469B3F-E7B7-4DA9-9E75-D01418F846D3}.Debug|Any CPU.Build.0 = Debug|Any CPU
		{67469B3F-E7B7-4DA9-9E75-D01418F846D3}.Release|Any CPU.ActiveCfg = Release|Any CPU
		{67469B3F-E7B7-4DA9-9E75-D01418F846D3}.Release|Any CPU.Build.0 = Release|Any CPU
		{79ECB8CD-AC4D-4AE7-ADA6-8388A4FEF6CC}.Debug|Any CPU.ActiveCfg = Debug|Any CPU
		{79ECB8CD-AC4D-4AE7-ADA6-8388A4FEF6CC}.Debug|Any CPU.Build.0 = Debug|Any CPU
		{79ECB8CD-AC4D-4AE7-ADA6-8388A4FEF6CC}.Release|Any CPU.ActiveCfg = Release|Any CPU
		{79ECB8CD-AC4D-4AE7-ADA6-8388A4FEF6CC}.Release|Any CPU.Build.0 = Release|Any CPU
		{48A63712-8DE9-45FD-A3C1-C6A46914B2AB}.Debug|Any CPU.ActiveCfg = Debug|Any CPU
		{48A63712-8DE9-45FD-A3C1-C6A46914B2AB}.Debug|Any CPU.Build.0 = Debug|Any CPU
		{48A63712-8DE9-45FD-A3C1-C6A46914B2AB}.Release|Any CPU.ActiveCfg = Release|Any CPU
		{48A63712-8DE9-45FD-A3C1-C6A46914B2AB}.Release|Any CPU.Build.0 = Release|Any CPU
		{43381B81-1FD1-40C7-B7AC-B6B14B7B7C22}.Debug|Any CPU.ActiveCfg = Debug|Any CPU
		{43381B81-1FD1-40C7-B7AC-B6B14B7B7C22}.Debug|Any CPU.Build.0 = Debug|Any CPU
		{43381B81-1FD1-40C7-B7AC-B6B14B7B7C22}.Release|Any CPU.ActiveCfg = Release|Any CPU
		{43381B81-1FD1-40C7-B7AC-B6B14B7B7C22}.Release|Any CPU.Build.0 = Release|Any CPU
		{5523DCF0-ED43-40F9-99C8-090B7E3059D2}.Debug|Any CPU.ActiveCfg = Debug|Any CPU
		{5523DCF0-ED43-40F9-99C8-090B7E3059D2}.Debug|Any CPU.Build.0 = Debug|Any CPU
		{5523DCF0-ED43-40F9-99C8-090B7E3059D2}.Release|Any CPU.ActiveCfg = Release|Any CPU
		{5523DCF0-ED43-40F9-99C8-090B7E3059D2}.Release|Any CPU.Build.0 = Release|Any CPU
		{4B98F1D4-D349-43EE-98C9-7D74750ECEF4}.Debug|Any CPU.ActiveCfg = Debug|Any CPU
		{4B98F1D4-D349-43EE-98C9-7D74750ECEF4}.Debug|Any CPU.Build.0 = Debug|Any CPU
		{4B98F1D4-D349-43EE-98C9-7D74750ECEF4}.Release|Any CPU.ActiveCfg = Release|Any CPU
		{4B98F1D4-D349-43EE-98C9-7D74750ECEF4}.Release|Any CPU.Build.0 = Release|Any CPU
		{AECADD81-F716-4E42-95CB-9E47EF546671}.Debug|Any CPU.ActiveCfg = Debug|Any CPU
		{AECADD81-F716-4E42-95CB-9E47EF546671}.Debug|Any CPU.Build.0 = Debug|Any CPU
		{AECADD81-F716-4E42-95CB-9E47EF546671}.Release|Any CPU.ActiveCfg = Release|Any CPU
		{AECADD81-F716-4E42-95CB-9E47EF546671}.Release|Any CPU.Build.0 = Release|Any CPU
		{592E2006-D9DB-4F14-BD78-F05E63251680}.Debug|Any CPU.ActiveCfg = Debug|Any CPU
		{592E2006-D9DB-4F14-BD78-F05E63251680}.Debug|Any CPU.Build.0 = Debug|Any CPU
		{592E2006-D9DB-4F14-BD78-F05E63251680}.Release|Any CPU.ActiveCfg = Release|Any CPU
		{592E2006-D9DB-4F14-BD78-F05E63251680}.Release|Any CPU.Build.0 = Release|Any CPU
		{6FECE937-8B51-4EED-9635-6DB0FE9C7CE9}.Debug|Any CPU.ActiveCfg = Debug|Any CPU
		{6FECE937-8B51-4EED-9635-6DB0FE9C7CE9}.Debug|Any CPU.Build.0 = Debug|Any CPU
		{6FECE937-8B51-4EED-9635-6DB0FE9C7CE9}.Release|Any CPU.ActiveCfg = Release|Any CPU
		{6FECE937-8B51-4EED-9635-6DB0FE9C7CE9}.Release|Any CPU.Build.0 = Release|Any CPU
		{0B275660-7813-4FF2-8FE6-CCA6F8059D24}.Debug|Any CPU.ActiveCfg = Debug|Any CPU
		{0B275660-7813-4FF2-8FE6-CCA6F8059D24}.Debug|Any CPU.Build.0 = Debug|Any CPU
		{0B275660-7813-4FF2-8FE6-CCA6F8059D24}.Release|Any CPU.ActiveCfg = Release|Any CPU
		{0B275660-7813-4FF2-8FE6-CCA6F8059D24}.Release|Any CPU.Build.0 = Release|Any CPU
		{689B5A8A-B713-490D-AC8F-32BE3B68C1BC}.Debug|Any CPU.ActiveCfg = Debug|Any CPU
		{689B5A8A-B713-490D-AC8F-32BE3B68C1BC}.Debug|Any CPU.Build.0 = Debug|Any CPU
		{689B5A8A-B713-490D-AC8F-32BE3B68C1BC}.Release|Any CPU.ActiveCfg = Release|Any CPU
		{689B5A8A-B713-490D-AC8F-32BE3B68C1BC}.Release|Any CPU.Build.0 = Release|Any CPU
		{B52117B3-8396-4BC9-ACA1-1745965CC568}.Debug|Any CPU.ActiveCfg = Debug|Any CPU
		{B52117B3-8396-4BC9-ACA1-1745965CC568}.Debug|Any CPU.Build.0 = Debug|Any CPU
		{B52117B3-8396-4BC9-ACA1-1745965CC568}.Release|Any CPU.ActiveCfg = Release|Any CPU
		{B52117B3-8396-4BC9-ACA1-1745965CC568}.Release|Any CPU.Build.0 = Release|Any CPU
		{374C3368-FB8A-4130-A54E-72AAD23111E6}.Debug|Any CPU.ActiveCfg = Debug|Any CPU
		{374C3368-FB8A-4130-A54E-72AAD23111E6}.Debug|Any CPU.Build.0 = Debug|Any CPU
		{374C3368-FB8A-4130-A54E-72AAD23111E6}.Release|Any CPU.ActiveCfg = Release|Any CPU
		{374C3368-FB8A-4130-A54E-72AAD23111E6}.Release|Any CPU.Build.0 = Release|Any CPU
		{29696300-9957-4621-8732-AD4549C66D9E}.Debug|Any CPU.ActiveCfg = Debug|Any CPU
		{29696300-9957-4621-8732-AD4549C66D9E}.Debug|Any CPU.Build.0 = Debug|Any CPU
		{29696300-9957-4621-8732-AD4549C66D9E}.Release|Any CPU.ActiveCfg = Release|Any CPU
		{29696300-9957-4621-8732-AD4549C66D9E}.Release|Any CPU.Build.0 = Release|Any CPU
	EndGlobalSection
	GlobalSection(SolutionProperties) = preSolution
		HideSolutionNode = FALSE
	EndGlobalSection
	GlobalSection(ExtensibilityGlobals) = postSolution
		SolutionGuid = {012FC8C8-3194-4837-9ED4-6BE4C22D00E1}
	EndGlobalSection
EndGlobal
